
Microsoft Visual Studio Solution File, Format Version 12.00
# Visual Studio Version 17
VisualStudioVersion = 17.3.32825.248
MinimumVisualStudioVersion = 10.0.40219.1
Project("{FAE04EC0-301F-11D3-BF4B-00C04F79EFBC}") = "TraversalCoreProje", "TraversalCoreProje\TraversalCoreProje.csproj", "{B8387853-4E11-4220-ABCA-E57A93F5E206}"
EndProject
Project("{FAE04EC0-301F-11D3-BF4B-00C04F79EFBC}") = "EntityLayer", "EntityLayer\EntityLayer.csproj", "{064A79DD-ED66-4C45-8150-5099AD21FF7A}"
EndProject
Project("{FAE04EC0-301F-11D3-BF4B-00C04F79EFBC}") = "DataAccessLayer", "DataAccessLayer\DataAccessLayer.csproj", "{2BD9B0EA-CA35-42B7-8C84-42EC8975C5E2}"
EndProject
Project("{FAE04EC0-301F-11D3-BF4B-00C04F79EFBC}") = "BusinessLayer", "BusinessLayer\BusinessLayer.csproj", "{40627378-B609-4379-8597-6D52C7382142}"
EndProject
Global
	GlobalSection(SolutionConfigurationPlatforms) = preSolution
		Debug|Any CPU = Debug|Any CPU
		Release|Any CPU = Release|Any CPU
	EndGlobalSection
	GlobalSection(ProjectConfigurationPlatforms) = postSolution
		{B8387853-4E11-4220-ABCA-E57A93F5E206}.Debug|Any CPU.ActiveCfg = Debug|Any CPU
		{B8387853-4E11-4220-ABCA-E57A93F5E206}.Debug|Any CPU.Build.0 = Debug|Any CPU
		{B8387853-4E11-4220-ABCA-E57A93F5E206}.Release|Any CPU.ActiveCfg = Release|Any CPU
		{B8387853-4E11-4220-ABCA-E57A93F5E206}.Release|Any CPU.Build.0 = Release|Any CPU
		{064A79DD-ED66-4C45-8150-5099AD21FF7A}.Debug|Any CPU.ActiveCfg = Debug|Any CPU
		{064A79DD-ED66-4C45-8150-5099AD21FF7A}.Debug|Any CPU.Build.0 = Debug|Any CPU
		{064A79DD-ED66-4C45-8150-5099AD21FF7A}.Release|Any CPU.ActiveCfg = Release|Any CPU
		{064A79DD-ED66-4C45-8150-5099AD21FF7A}.Release|Any CPU.Build.0 = Release|Any CPU
		{2BD9B0EA-CA35-42B7-8C84-42EC8975C5E2}.Debug|Any CPU.ActiveCfg = Debug|Any CPU
		{2BD9B0EA-CA35-42B7-8C84-42EC8975C5E2}.Debug|Any CPU.Build.0 = Debug|Any CPU
		{2BD9B0EA-CA35-42B7-8C84-42EC8975C5E2}.Release|Any CPU.ActiveCfg = Release|Any CPU
		{2BD9B0EA-CA35-42B7-8C84-42EC8975C5E2}.Release|Any CPU.Build.0 = Release|Any CPU
		{40627378-B609-4379-8597-6D52C7382142}.Debug|Any CPU.ActiveCfg = Debug|Any CPU
		{40627378-B609-4379-8597-6D52C7382142}.Debug|Any CPU.Build.0 = Debug|Any CPU
		{40627378-B609-4379-8597-6D52C7382142}.Release|Any CPU.ActiveCfg = Release|Any CPU
		{40627378-B609-4379-8597-6D52C7382142}.Release|Any CPU.Build.0 = Release|Any CPU
	EndGlobalSection
	GlobalSection(SolutionProperties) = preSolution
		HideSolutionNode = FALSE
	EndGlobalSection
	GlobalSection(ExtensibilityGlobals) = postSolution
		SolutionGuid = {C17C4F34-7B82-4856-867C-15C6F4D533DD}
	EndGlobalSection
EndGlobal
